
Microsoft Visual Studio Solution File, Format Version 12.00
# Visual Studio 14
VisualStudioVersion = 14.0.25420.1
MinimumVisualStudioVersion = 10.0.40219.1
Project("{8BC9CEB8-8B4A-11D0-8D11-00A0C91BC942}") = "Day2-BathroomSecurity", "Day2-BathroomSecurity\Day2-BathroomSecurity.vcxproj", "{3F567647-6AAB-4899-89D1-1A9236A10527}"
EndProject
Project("{8BC9CEB8-8B4A-11D0-8D11-00A0C91BC942}") = "Day3-Triangles", "Day3-Triangles\Day3-Triangles.vcxproj", "{CB267167-45CE-48CF-929D-1B0BC5274F62}"
EndProject
Project("{8BC9CEB8-8B4A-11D0-8D11-00A0C91BC942}") = "Day4-ObscuredSecurity", "Day4-ObscuredSecurity\Day4-ObscuredSecurity.vcxproj", "{C7B6FDC7-318C-4FA6-BB49-09CF1A7FFBE3}"
EndProject
Project("{8BC9CEB8-8B4A-11D0-8D11-00A0C91BC942}") = "Day5-GameOfChess", "Day5-GameOfChess\Day5-GameOfChess.vcxproj", "{F60676CC-0DB8-45FE-BC1B-6351D869F18F}"
EndProject
Project("{8BC9CEB8-8B4A-11D0-8D11-00A0C91BC942}") = "Day1-Taxicab", "Day1-Taxicab\Day1-Taxicab.vcxproj", "{86965A62-3EE1-44EF-BFC4-91BF35957FB9}"
EndProject
Global
	GlobalSection(SolutionConfigurationPlatforms) = preSolution
		Debug|x64 = Debug|x64
		Debug|x86 = Debug|x86
		Release|x64 = Release|x64
		Release|x86 = Release|x86
	EndGlobalSection
	GlobalSection(ProjectConfigurationPlatforms) = postSolution
		{3F567647-6AAB-4899-89D1-1A9236A10527}.Debug|x64.ActiveCfg = Debug|x64
		{3F567647-6AAB-4899-89D1-1A9236A10527}.Debug|x64.Build.0 = Debug|x64
		{3F567647-6AAB-4899-89D1-1A9236A10527}.Debug|x86.ActiveCfg = Debug|Win32
		{3F567647-6AAB-4899-89D1-1A9236A10527}.Debug|x86.Build.0 = Debug|Win32
		{3F567647-6AAB-4899-89D1-1A9236A10527}.Release|x64.ActiveCfg = Release|x64
		{3F567647-6AAB-4899-89D1-1A9236A10527}.Release|x64.Build.0 = Release|x64
		{3F567647-6AAB-4899-89D1-1A9236A10527}.Release|x86.ActiveCfg = Release|Win32
		{3F567647-6AAB-4899-89D1-1A9236A10527}.Release|x86.Build.0 = Release|Win32
		{CB267167-45CE-48CF-929D-1B0BC5274F62}.Debug|x64.ActiveCfg = Debug|x64
		{CB267167-45CE-48CF-929D-1B0BC5274F62}.Debug|x64.Build.0 = Debug|x64
		{CB267167-45CE-48CF-929D-1B0BC5274F62}.Debug|x86.ActiveCfg = Debug|Win32
		{CB267167-45CE-48CF-929D-1B0BC5274F62}.Debug|x86.Build.0 = Debug|Win32
		{CB267167-45CE-48CF-929D-1B0BC5274F62}.Release|x64.ActiveCfg = Release|x64
		{CB267167-45CE-48CF-929D-1B0BC5274F62}.Release|x64.Build.0 = Release|x64
		{CB267167-45CE-48CF-929D-1B0BC5274F62}.Release|x86.ActiveCfg = Release|Win32
		{CB267167-45CE-48CF-929D-1B0BC5274F62}.Release|x86.Build.0 = Release|Win32
		{C7B6FDC7-318C-4FA6-BB49-09CF1A7FFBE3}.Debug|x64.ActiveCfg = Debug|x64
		{C7B6FDC7-318C-4FA6-BB49-09CF1A7FFBE3}.Debug|x64.Build.0 = Debug|x64
		{C7B6FDC7-318C-4FA6-BB49-09CF1A7FFBE3}.Debug|x86.ActiveCfg = Debug|Win32
		{C7B6FDC7-318C-4FA6-BB49-09CF1A7FFBE3}.Debug|x86.Build.0 = Debug|Win32
		{C7B6FDC7-318C-4FA6-BB49-09CF1A7FFBE3}.Release|x64.ActiveCfg = Release|x64
		{C7B6FDC7-318C-4FA6-BB49-09CF1A7FFBE3}.Release|x64.Build.0 = Release|x64
		{C7B6FDC7-318C-4FA6-BB49-09CF1A7FFBE3}.Release|x86.ActiveCfg = Release|Win32
		{C7B6FDC7-318C-4FA6-BB49-09CF1A7FFBE3}.Release|x86.Build.0 = Release|Win32
		{F60676CC-0DB8-45FE-BC1B-6351D869F18F}.Debug|x64.ActiveCfg = Debug|x64
		{F60676CC-0DB8-45FE-BC1B-6351D869F18F}.Debug|x64.Build.0 = Debug|x64
		{F60676CC-0DB8-45FE-BC1B-6351D869F18F}.Debug|x86.ActiveCfg = Debug|Win32
		{F60676CC-0DB8-45FE-BC1B-6351D869F18F}.Debug|x86.Build.0 = Debug|Win32
		{F60676CC-0DB8-45FE-BC1B-6351D869F18F}.Release|x64.ActiveCfg = Release|x64
		{F60676CC-0DB8-45FE-BC1B-6351D869F18F}.Release|x64.Build.0 = Release|x64
		{F60676CC-0DB8-45FE-BC1B-6351D869F18F}.Release|x86.ActiveCfg = Release|Win32
		{F60676CC-0DB8-45FE-BC1B-6351D869F18F}.Release|x86.Build.0 = Release|Win32
		{86965A62-3EE1-44EF-BFC4-91BF35957FB9}.Debug|x64.ActiveCfg = Debug|x64
		{86965A62-3EE1-44EF-BFC4-91BF35957FB9}.Debug|x64.Build.0 = Debug|x64
		{86965A62-3EE1-44EF-BFC4-91BF35957FB9}.Debug|x86.ActiveCfg = Debug|Win32
		{86965A62-3EE1-44EF-BFC4-91BF35957FB9}.Debug|x86.Build.0 = Debug|Win32
		{86965A62-3EE1-44EF-BFC4-91BF35957FB9}.Release|x64.ActiveCfg = Release|x64
		{86965A62-3EE1-44EF-BFC4-91BF35957FB9}.Release|x64.Build.0 = Release|x64
		{86965A62-3EE1-44EF-BFC4-91BF35957FB9}.Release|x86.ActiveCfg = Release|Win32
		{86965A62-3EE1-44EF-BFC4-91BF35957FB9}.Release|x86.Build.0 = Release|Win32
	EndGlobalSection
	GlobalSection(SolutionProperties) = preSolution
		HideSolutionNode = FALSE
	EndGlobalSection
EndGlobal
